
Microsoft Visual Studio Solution File, Format Version 12.00
# Visual Studio Version 16
VisualStudioVersion = 16.0.29521.150
MinimumVisualStudioVersion = 10.0.40219.1
Project("{FAE04EC0-301F-11D3-BF4B-00C04F79EFBC}") = "Foregone Solution", "Foregone Solution\Foregone Solution.csproj", "{B6A4C45E-1A74-43C1-8858-BAC95B94D1D3}"
EndProject
Global
	GlobalSection(SolutionConfigurationPlatforms) = preSolution
		Debug|Any CPU = Debug|Any CPU
		Release|Any CPU = Release|Any CPU
	EndGlobalSection
	GlobalSection(ProjectConfigurationPlatforms) = postSolution
		{B6A4C45E-1A74-43C1-8858-BAC95B94D1D3}.Debug|Any CPU.ActiveCfg = Debug|Any CPU
		{B6A4C45E-1A74-43C1-8858-BAC95B94D1D3}.Debug|Any CPU.Build.0 = Debug|Any CPU
		{B6A4C45E-1A74-43C1-8858-BAC95B94D1D3}.Release|Any CPU.ActiveCfg = Release|Any CPU
		{B6A4C45E-1A74-43C1-8858-BAC95B94D1D3}.Release|Any CPU.Build.0 = Release|Any CPU
	EndGlobalSection
	GlobalSection(SolutionProperties) = preSolution
		HideSolutionNode = FALSE
	EndGlobalSection
	GlobalSection(ExtensibilityGlobals) = postSolution
		SolutionGuid = {7A9F0113-9FF9-4FF8-82BA-7B8D9BFBC6F7}
	EndGlobalSection
EndGlobal
